
Microsoft Visual Studio Solution File, Format Version 12.00
# Visual Studio Version 17
VisualStudioVersion = 17.7.34202.233
MinimumVisualStudioVersion = 10.0.40219.1
Project("{FAE04EC0-301F-11D3-BF4B-00C04F79EFBC}") = "Group1.3_GradingSystem", "Group1.3_GradingSystem\Group1.3_GradingSystem.csproj", "{AE71B869-44E8-4AC5-BE65-599ABA740CF0}"
EndProject
Global
	GlobalSection(SolutionConfigurationPlatforms) = preSolution
		Debug|Any CPU = Debug|Any CPU
		Release|Any CPU = Release|Any CPU
	EndGlobalSection
	GlobalSection(ProjectConfigurationPlatforms) = postSolution
		{AE71B869-44E8-4AC5-BE65-599ABA740CF0}.Debug|Any CPU.ActiveCfg = Debug|Any CPU
		{AE71B869-44E8-4AC5-BE65-599ABA740CF0}.Debug|Any CPU.Build.0 = Debug|Any CPU
		{AE71B869-44E8-4AC5-BE65-599ABA740CF0}.Release|Any CPU.ActiveCfg = Release|Any CPU
		{AE71B869-44E8-4AC5-BE65-599ABA740CF0}.Release|Any CPU.Build.0 = Release|Any CPU
	EndGlobalSection
	GlobalSection(SolutionProperties) = preSolution
		HideSolutionNode = FALSE
	EndGlobalSection
	GlobalSection(ExtensibilityGlobals) = postSolution
		SolutionGuid = {D8DBE0EA-E481-4968-BE42-821A2E6416DB}
	EndGlobalSection
EndGlobal
